PODS:
  - RxCocoa (2.0.0-beta.3):
    - RxSwift (~> 2.0.0-beta)
  - RxSwift (2.0.0-beta.3)
  - SwiftyJSON (2.3.1)

DEPENDENCIES:
  - RxCocoa (~> 2.0.0-beta.3)
  - RxSwift (~> 2.0.0-beta.3)
  - SwiftyJSON (~> 2.3)

SPEC CHECKSUMS:
  RxCocoa: 1472006304b296d03c847f78b21384523cc4902e
  RxSwift: 19fbe885b404d1d36d42ac8535134739a9b42952
  SwiftyJSON: 592b53bee5ef3dd9b3bebc6b9cb7ee35426ae8c3

COCOAPODS: 0.39.0
